
Microsoft Visual Studio Solution File, Format Version 12.00
# Visual Studio Version 16
VisualStudioVersion = 16.0.31624.102
MinimumVisualStudioVersion = 10.0.40219.1
Project("{FAE04EC0-301F-11D3-BF4B-00C04F79EFBC}") = "LoopsANdRandomNumbers", "LoopsANdRandomNumbers\LoopsANdRandomNumbers.csproj", "{2A3EE76A-76A4-4FEF-8E10-F530C09C15A8}"
EndProject
Project("{FAE04EC0-301F-11D3-BF4B-00C04F79EFBC}") = "PINInfinitelLoop", "PINInfinitelLoop\PINInfinitelLoop.csproj", "{7B958EBF-60E8-40B8-B3E1-37CF971AFBB6}"
EndProject
Project("{FAE04EC0-301F-11D3-BF4B-00C04F79EFBC}") = "RandomNumber", "RandomNumber\RandomNumber.csproj", "{512FF256-7CB9-494B-A142-EC2EE5F7C087}"
EndProject
Project("{FAE04EC0-301F-11D3-BF4B-00C04F79EFBC}") = "GuessinGameInfinite", "GuessinGameInfinite\GuessinGameInfinite.csproj", "{DCB92E6C-F8BC-4E7B-8D08-0201200CBC3B}"
EndProject
Project("{FAE04EC0-301F-11D3-BF4B-00C04F79EFBC}") = "GuessingGameThreeTimes", "GuessingGameThreeTimes\GuessingGameThreeTimes.csproj", "{8FD4AEAE-DB7A-4C0C-A506-60FDD288D157}"
EndProject
Global
	GlobalSection(SolutionConfigurationPlatforms) = preSolution
		Debug|Any CPU = Debug|Any CPU
		Release|Any CPU = Release|Any CPU
	EndGlobalSection
	GlobalSection(ProjectConfigurationPlatforms) = postSolution
		{2A3EE76A-76A4-4FEF-8E10-F530C09C15A8}.Debug|Any CPU.ActiveCfg = Debug|Any CPU
		{2A3EE76A-76A4-4FEF-8E10-F530C09C15A8}.Debug|Any CPU.Build.0 = Debug|Any CPU
		{2A3EE76A-76A4-4FEF-8E10-F530C09C15A8}.Release|Any CPU.ActiveCfg = Release|Any CPU
		{2A3EE76A-76A4-4FEF-8E10-F530C09C15A8}.Release|Any CPU.Build.0 = Release|Any CPU
		{7B958EBF-60E8-40B8-B3E1-37CF971AFBB6}.Debug|Any CPU.ActiveCfg = Debug|Any CPU
		{7B958EBF-60E8-40B8-B3E1-37CF971AFBB6}.Debug|Any CPU.Build.0 = Debug|Any CPU
		{7B958EBF-60E8-40B8-B3E1-37CF971AFBB6}.Release|Any CPU.ActiveCfg = Release|Any CPU
		{7B958EBF-60E8-40B8-B3E1-37CF971AFBB6}.Release|Any CPU.Build.0 = Release|Any CPU
		{512FF256-7CB9-494B-A142-EC2EE5F7C087}.Debug|Any CPU.ActiveCfg = Debug|Any CPU
		{512FF256-7CB9-494B-A142-EC2EE5F7C087}.Debug|Any CPU.Build.0 = Debug|Any CPU
		{512FF256-7CB9-494B-A142-EC2EE5F7C087}.Release|Any CPU.ActiveCfg = Release|Any CPU
		{512FF256-7CB9-494B-A142-EC2EE5F7C087}.Release|Any CPU.Build.0 = Release|Any CPU
		{DCB92E6C-F8BC-4E7B-8D08-0201200CBC3B}.Debug|Any CPU.ActiveCfg = Debug|Any CPU
		{DCB92E6C-F8BC-4E7B-8D08-0201200CBC3B}.Debug|Any CPU.Build.0 = Debug|Any CPU
		{DCB92E6C-F8BC-4E7B-8D08-0201200CBC3B}.Release|Any CPU.ActiveCfg = Release|Any CPU
		{DCB92E6C-F8BC-4E7B-8D08-0201200CBC3B}.Release|Any CPU.Build.0 = Release|Any CPU
		{8FD4AEAE-DB7A-4C0C-A506-60FDD288D157}.Debug|Any CPU.ActiveCfg = Debug|Any CPU
		{8FD4AEAE-DB7A-4C0C-A506-60FDD288D157}.Debug|Any CPU.Build.0 = Debug|Any CPU
		{8FD4AEAE-DB7A-4C0C-A506-60FDD288D157}.Release|Any CPU.ActiveCfg = Release|Any CPU
		{8FD4AEAE-DB7A-4C0C-A506-60FDD288D157}.Release|Any CPU.Build.0 = Release|Any CPU
	EndGlobalSection
	GlobalSection(SolutionProperties) = preSolution
		HideSolutionNode = FALSE
	EndGlobalSection
	GlobalSection(ExtensibilityGlobals) = postSolution
		SolutionGuid = {CAF2DE2D-B2C7-48F0-B82E-8E08CB4ED776}
	EndGlobalSection
EndGlobal
